
Microsoft Visual Studio Solution File, Format Version 12.00
# Visual Studio Version 17
VisualStudioVersion = 17.4.33213.308
MinimumVisualStudioVersion = 10.0.40219.1
Project("{FAE04EC0-301F-11D3-BF4B-00C04F79EFBC}") = "AgendaSimplesT5", "AgendaSimplesT5.csproj", "{F4139EE6-E736-4537-96D8-19DF9CC054F5}"
EndProject
Global
	GlobalSection(SolutionConfigurationPlatforms) = preSolution
		Debug|Any CPU = Debug|Any CPU
		Release|Any CPU = Release|Any CPU
	EndGlobalSection
	GlobalSection(ProjectConfigurationPlatforms) = postSolution
		{F4139EE6-E736-4537-96D8-19DF9CC054F5}.Debug|Any CPU.ActiveCfg = Debug|Any CPU
		{F4139EE6-E736-4537-96D8-19DF9CC054F5}.Debug|Any CPU.Build.0 = Debug|Any CPU
		{F4139EE6-E736-4537-96D8-19DF9CC054F5}.Release|Any CPU.ActiveCfg = Release|Any CPU
		{F4139EE6-E736-4537-96D8-19DF9CC054F5}.Release|Any CPU.Build.0 = Release|Any CPU
	EndGlobalSection
	GlobalSection(SolutionProperties) = preSolution
		HideSolutionNode = FALSE
	EndGlobalSection
	GlobalSection(ExtensibilityGlobals) = postSolution
		SolutionGuid = {31B5464C-D9DB-49FF-BA5E-20325EAE1AF5}
	EndGlobalSection
EndGlobal
